
Microsoft Visual Studio Solution File, Format Version 12.00
# Visual Studio Version 17
VisualStudioVersion = 17.4.33103.184
MinimumVisualStudioVersion = 10.0.40219.1
Project("{FAE04EC0-301F-11D3-BF4B-00C04F79EFBC}") = "BookingWorkplace", "BookingWorkplace\BookingWorkplace.csproj", "{B6AC8D4A-6CCC-48C8-A75E-81061701FAB8}"
EndProject
Global
	GlobalSection(SolutionConfigurationPlatforms) = preSolution
		Debug|Any CPU = Debug|Any CPU
		Release|Any CPU = Release|Any CPU
	EndGlobalSection
	GlobalSection(ProjectConfigurationPlatforms) = postSolution
		{B6AC8D4A-6CCC-48C8-A75E-81061701FAB8}.Debug|Any CPU.ActiveCfg = Debug|Any CPU
		{B6AC8D4A-6CCC-48C8-A75E-81061701FAB8}.Debug|Any CPU.Build.0 = Debug|Any CPU
		{B6AC8D4A-6CCC-48C8-A75E-81061701FAB8}.Release|Any CPU.ActiveCfg = Release|Any CPU
		{B6AC8D4A-6CCC-48C8-A75E-81061701FAB8}.Release|Any CPU.Build.0 = Release|Any CPU
	EndGlobalSection
	GlobalSection(SolutionProperties) = preSolution
		HideSolutionNode = FALSE
	EndGlobalSection
	GlobalSection(ExtensibilityGlobals) = postSolution
		SolutionGuid = {08559506-F19C-4C83-9D4B-91D21FF5F175}
	EndGlobalSection
EndGlobal
